
Microsoft Visual Studio Solution File, Format Version 12.00
# Visual Studio Version 17
VisualStudioVersion = 17.8.34227.203
MinimumVisualStudioVersion = 10.0.40219.1
Project("{2150E333-8FDC-42A3-9474-1A3956D46DE8}") = "Source", "Source", "{5B1A43C9-4408-4028-AA8F-651FEC793135}"
EndProject
Project("{2150E333-8FDC-42A3-9474-1A3956D46DE8}") = "Platforms", "Platforms", "{46D7B884-40C7-49F6-9EEB-46E336142CA9}"
EndProject
Project("{2150E333-8FDC-42A3-9474-1A3956D46DE8}") = "Solution Items", "Solution Items", "{C44FABC1-A33F-49DA-840E-7CD35A697FD0}"
	ProjectSection(SolutionItems) = preProject
		Itspecialist\.gitignore = Itspecialist\.gitignore
		Itspecialist\Directory.Build.props = Itspecialist\Directory.Build.props
		ReadME.md = ReadME.md
		solution-config.props = solution-config.props
	EndProjectSection
EndProject
Project("{2150E333-8FDC-42A3-9474-1A3956D46DE8}") = "Modules", "Modules", "{F29639A8-EDD7-4051-90E4-F3994B30EA5D}"
EndProject
Project("{2150E333-8FDC-42A3-9474-1A3956D46DE8}") = "ModuleAccount", "ModuleAccount", "{3DFAF55C-CF89-41C0-8366-ADCD405B34F0}"
EndProject
Project("{2150E333-8FDC-42A3-9474-1A3956D46DE8}") = "Uno", "Uno", "{E815245D-D501-41D2-B121-274079766292}"
EndProject
Project("{2150E333-8FDC-42A3-9474-1A3956D46DE8}") = "Shared", "Shared", "{AE8CAE07-31F0-455E-8BF3-97C8B55719C3}"
EndProject
Project("{9A19103F-16F7-4668-BE54-9A1E7A4F7556}") = "ModuleAccount.Contracts", "Itspecialist\Uno\Modules\ModuleAccount\ModuleAccount.Contracts\ModuleAccount.Contracts.csproj", "{6947EECD-DDE9-4920-9D5D-AEF277FFFCBA}"
EndProject
Project("{9A19103F-16F7-4668-BE54-9A1E7A4F7556}") = "ModuleAccounts.Views.Uno", "Itspecialist\Uno\Modules\ModuleAccount\ModuleAccounts.Views.Uno\ModuleAccounts.Views.Uno.csproj", "{F2F80D11-8E4E-408A-B22E-E6402E06CDE7}"
EndProject
Project("{9A19103F-16F7-4668-BE54-9A1E7A4F7556}") = "Itspecialist.Base", "Itspecialist\Uno\Shared\Itspecialist.Base\Itspecialist.Base.csproj", "{3383C0D4-01D7-465E-9F67-FBDC03D8B143}"
EndProject
Project("{9A19103F-16F7-4668-BE54-9A1E7A4F7556}") = "Itspecialist", "Itspecialist\Uno\Shared\Itspecialist\Itspecialist.csproj", "{ED964EC6-6AE1-443A-BD6C-51D47C2FBC56}"
EndProject
Project("{9A19103F-16F7-4668-BE54-9A1E7A4F7556}") = "Itspecialist.Windows", "Itspecialist\Uno\Platforms\Itspecialist.Windows\Itspecialist.Windows.csproj", "{A945F8D4-3724-40CE-B428-4D7007F6395D}"
EndProject
Project("{2150E333-8FDC-42A3-9474-1A3956D46DE8}") = "Shared", "Shared", "{898FA8E1-110E-4257-8297-0B0B2B5E9E5E}"
EndProject
Project("{9A19103F-16F7-4668-BE54-9A1E7A4F7556}") = "Itspecialist.Foundation", "Itspecialist\Shared\Itspecialist.Foundation\Itspecialist.Foundation.csproj", "{3B2D131C-38F9-4648-9999-C5E86206E445}"
EndProject
Project("{2150E333-8FDC-42A3-9474-1A3956D46DE8}") = "Backend", "Backend", "{991A185B-FF65-4729-A441-02D34F5D2F1B}"
	ProjectSection(SolutionItems) = preProject
		Itspecialist\Backend\Directory.Build.targets = Itspecialist\Backend\Directory.Build.targets
		Itspecialist\Backend\Directory.Packages.props = Itspecialist\Backend\Directory.Packages.props
	EndProjectSection
EndProject
Project("{2150E333-8FDC-42A3-9474-1A3956D46DE8}") = "Uno", "Uno", "{4D4FF5ED-50F5-44DA-AC7F-2182A8C3115F}"
	ProjectSection(SolutionItems) = preProject
		Itspecialist\Uno\Directory.Build.props = Itspecialist\Uno\Directory.Build.props
		Itspecialist\Uno\Directory.Build.targets = Itspecialist\Uno\Directory.Build.targets
		Itspecialist\Uno\Directory.Packages.props = Itspecialist\Uno\Directory.Packages.props
	EndProjectSection
EndProject
Project("{2150E333-8FDC-42A3-9474-1A3956D46DE8}") = "Api", "Api", "{D3E260C8-01D6-46C1-A267-C8F6117D6A67}"
EndProject
Project("{9A19103F-16F7-4668-BE54-9A1E7A4F7556}") = "Itspecialist.Api", "Itspecialist\Shared\Api\Itspecialist.Api\Itspecialist.Api.csproj", "{D1310DBE-5DE7-4400-9AEF-8DA2A8D485E7}"
EndProject
Global
	GlobalSection(SolutionConfigurationPlatforms) = preSolution
		Debug|Any CPU = Debug|Any CPU
		Debug|arm64 = Debug|arm64
		Debug|x64 = Debug|x64
		Debug|x86 = Debug|x86
		Release|Any CPU = Release|Any CPU
		Release|arm64 = Release|arm64
		Release|x64 = Release|x64
		Release|x86 = Release|x86
	EndGlobalSection
	GlobalSection(ProjectConfigurationPlatforms) = postSolution
		{6947EECD-DDE9-4920-9D5D-AEF277FFFCBA}.Debug|Any CPU.ActiveCfg = Debug|Any CPU
		{6947EECD-DDE9-4920-9D5D-AEF277FFFCBA}.Debug|Any CPU.Build.0 = Debug|Any CPU
		{6947EECD-DDE9-4920-9D5D-AEF277FFFCBA}.Debug|arm64.ActiveCfg = Debug|Any CPU
		{6947EECD-DDE9-4920-9D5D-AEF277FFFCBA}.Debug|arm64.Build.0 = Debug|Any CPU
		{6947EECD-DDE9-4920-9D5D-AEF277FFFCBA}.Debug|x64.ActiveCfg = Debug|Any CPU
		{6947EECD-DDE9-4920-9D5D-AEF277FFFCBA}.Debug|x64.Build.0 = Debug|Any CPU
		{6947EECD-DDE9-4920-9D5D-AEF277FFFCBA}.Debug|x86.ActiveCfg = Debug|Any CPU
		{6947EECD-DDE9-4920-9D5D-AEF277FFFCBA}.Debug|x86.Build.0 = Debug|Any CPU
		{6947EECD-DDE9-4920-9D5D-AEF277FFFCBA}.Release|Any CPU.ActiveCfg = Release|Any CPU
		{6947EECD-DDE9-4920-9D5D-AEF277FFFCBA}.Release|Any CPU.Build.0 = Release|Any CPU
		{6947EECD-DDE9-4920-9D5D-AEF277FFFCBA}.Release|arm64.ActiveCfg = Release|Any CPU
		{6947EECD-DDE9-4920-9D5D-AEF277FFFCBA}.Release|arm64.Build.0 = Release|Any CPU
		{6947EECD-DDE9-4920-9D5D-AEF277FFFCBA}.Release|x64.ActiveCfg = Release|Any CPU
		{6947EECD-DDE9-4920-9D5D-AEF277FFFCBA}.Release|x64.Build.0 = Release|Any CPU
		{6947EECD-DDE9-4920-9D5D-AEF277FFFCBA}.Release|x86.ActiveCfg = Release|Any CPU
		{6947EECD-DDE9-4920-9D5D-AEF277FFFCBA}.Release|x86.Build.0 = Release|Any CPU
		{F2F80D11-8E4E-408A-B22E-E6402E06CDE7}.Debug|Any CPU.ActiveCfg = Debug|Any CPU
		{F2F80D11-8E4E-408A-B22E-E6402E06CDE7}.Debug|Any CPU.Build.0 = Debug|Any CPU
		{F2F80D11-8E4E-408A-B22E-E6402E06CDE7}.Debug|arm64.ActiveCfg = Debug|Any CPU
		{F2F80D11-8E4E-408A-B22E-E6402E06CDE7}.Debug|arm64.Build.0 = Debug|Any CPU
		{F2F80D11-8E4E-408A-B22E-E6402E06CDE7}.Debug|x64.ActiveCfg = Debug|Any CPU
		{F2F80D11-8E4E-408A-B22E-E6402E06CDE7}.Debug|x64.Build.0 = Debug|Any CPU
		{F2F80D11-8E4E-408A-B22E-E6402E06CDE7}.Debug|x86.ActiveCfg = Debug|Any CPU
		{F2F80D11-8E4E-408A-B22E-E6402E06CDE7}.Debug|x86.Build.0 = Debug|Any CPU
		{F2F80D11-8E4E-408A-B22E-E6402E06CDE7}.Release|Any CPU.ActiveCfg = Release|Any CPU
		{F2F80D11-8E4E-408A-B22E-E6402E06CDE7}.Release|Any CPU.Build.0 = Release|Any CPU
		{F2F80D11-8E4E-408A-B22E-E6402E06CDE7}.Release|arm64.ActiveCfg = Release|Any CPU
		{F2F80D11-8E4E-408A-B22E-E6402E06CDE7}.Release|arm64.Build.0 = Release|Any CPU
		{F2F80D11-8E4E-408A-B22E-E6402E06CDE7}.Release|x64.ActiveCfg = Release|Any CPU
		{F2F80D11-8E4E-408A-B22E-E6402E06CDE7}.Release|x64.Build.0 = Release|Any CPU
		{F2F80D11-8E4E-408A-B22E-E6402E06CDE7}.Release|x86.ActiveCfg = Release|Any CPU
		{F2F80D11-8E4E-408A-B22E-E6402E06CDE7}.Release|x86.Build.0 = Release|Any CPU
		{3383C0D4-01D7-465E-9F67-FBDC03D8B143}.Debug|Any CPU.ActiveCfg = Debug|Any CPU
		{3383C0D4-01D7-465E-9F67-FBDC03D8B143}.Debug|Any CPU.Build.0 = Debug|Any CPU
		{3383C0D4-01D7-465E-9F67-FBDC03D8B143}.Debug|arm64.ActiveCfg = Debug|Any CPU
		{3383C0D4-01D7-465E-9F67-FBDC03D8B143}.Debug|arm64.Build.0 = Debug|Any CPU
		{3383C0D4-01D7-465E-9F67-FBDC03D8B143}.Debug|x64.ActiveCfg = Debug|Any CPU
		{3383C0D4-01D7-465E-9F67-FBDC03D8B143}.Debug|x64.Build.0 = Debug|Any CPU
		{3383C0D4-01D7-465E-9F67-FBDC03D8B143}.Debug|x86.ActiveCfg = Debug|Any CPU
		{3383C0D4-01D7-465E-9F67-FBDC03D8B143}.Debug|x86.Build.0 = Debug|Any CPU
		{3383C0D4-01D7-465E-9F67-FBDC03D8B143}.Release|Any CPU.ActiveCfg = Release|Any CPU
		{3383C0D4-01D7-465E-9F67-FBDC03D8B143}.Release|Any CPU.Build.0 = Release|Any CPU
		{3383C0D4-01D7-465E-9F67-FBDC03D8B143}.Release|arm64.ActiveCfg = Release|Any CPU
		{3383C0D4-01D7-465E-9F67-FBDC03D8B143}.Release|arm64.Build.0 = Release|Any CPU
		{3383C0D4-01D7-465E-9F67-FBDC03D8B143}.Release|x64.ActiveCfg = Release|Any CPU
		{3383C0D4-01D7-465E-9F67-FBDC03D8B143}.Release|x64.Build.0 = Release|Any CPU
		{3383C0D4-01D7-465E-9F67-FBDC03D8B143}.Release|x86.ActiveCfg = Release|Any CPU
		{3383C0D4-01D7-465E-9F67-FBDC03D8B143}.Release|x86.Build.0 = Release|Any CPU
		{ED964EC6-6AE1-443A-BD6C-51D47C2FBC56}.Debug|Any CPU.ActiveCfg = Debug|Any CPU
		{ED964EC6-6AE1-443A-BD6C-51D47C2FBC56}.Debug|Any CPU.Build.0 = Debug|Any CPU
		{ED964EC6-6AE1-443A-BD6C-51D47C2FBC56}.Debug|arm64.ActiveCfg = Debug|Any CPU
		{ED964EC6-6AE1-443A-BD6C-51D47C2FBC56}.Debug|arm64.Build.0 = Debug|Any CPU
		{ED964EC6-6AE1-443A-BD6C-51D47C2FBC56}.Debug|x64.ActiveCfg = Debug|Any CPU
		{ED964EC6-6AE1-443A-BD6C-51D47C2FBC56}.Debug|x64.Build.0 = Debug|Any CPU
		{ED964EC6-6AE1-443A-BD6C-51D47C2FBC56}.Debug|x86.ActiveCfg = Debug|Any CPU
		{ED964EC6-6AE1-443A-BD6C-51D47C2FBC56}.Debug|x86.Build.0 = Debug|Any CPU
		{ED964EC6-6AE1-443A-BD6C-51D47C2FBC56}.Release|Any CPU.ActiveCfg = Release|Any CPU
		{ED964EC6-6AE1-443A-BD6C-51D47C2FBC56}.Release|Any CPU.Build.0 = Release|Any CPU
		{ED964EC6-6AE1-443A-BD6C-51D47C2FBC56}.Release|arm64.ActiveCfg = Release|Any CPU
		{ED964EC6-6AE1-443A-BD6C-51D47C2FBC56}.Release|arm64.Build.0 = Release|Any CPU
		{ED964EC6-6AE1-443A-BD6C-51D47C2FBC56}.Release|x64.ActiveCfg = Release|Any CPU
		{ED964EC6-6AE1-443A-BD6C-51D47C2FBC56}.Release|x64.Build.0 = Release|Any CPU
		{ED964EC6-6AE1-443A-BD6C-51D47C2FBC56}.Release|x86.ActiveCfg = Release|Any CPU
		{ED964EC6-6AE1-443A-BD6C-51D47C2FBC56}.Release|x86.Build.0 = Release|Any CPU
		{A945F8D4-3724-40CE-B428-4D7007F6395D}.Debug|Any CPU.ActiveCfg = Debug|x64
		{A945F8D4-3724-40CE-B428-4D7007F6395D}.Debug|Any CPU.Build.0 = Debug|x64
		{A945F8D4-3724-40CE-B428-4D7007F6395D}.Debug|arm64.ActiveCfg = Debug|arm64
		{A945F8D4-3724-40CE-B428-4D7007F6395D}.Debug|arm64.Build.0 = Debug|arm64
		{A945F8D4-3724-40CE-B428-4D7007F6395D}.Debug|x64.ActiveCfg = Debug|x64
		{A945F8D4-3724-40CE-B428-4D7007F6395D}.Debug|x64.Build.0 = Debug|x64
		{A945F8D4-3724-40CE-B428-4D7007F6395D}.Debug|x86.ActiveCfg = Debug|x86
		{A945F8D4-3724-40CE-B428-4D7007F6395D}.Debug|x86.Build.0 = Debug|x86
		{A945F8D4-3724-40CE-B428-4D7007F6395D}.Release|Any CPU.ActiveCfg = Release|x64
		{A945F8D4-3724-40CE-B428-4D7007F6395D}.Release|Any CPU.Build.0 = Release|x64
		{A945F8D4-3724-40CE-B428-4D7007F6395D}.Release|arm64.ActiveCfg = Release|arm64
		{A945F8D4-3724-40CE-B428-4D7007F6395D}.Release|arm64.Build.0 = Release|arm64
		{A945F8D4-3724-40CE-B428-4D7007F6395D}.Release|x64.ActiveCfg = Release|x64
		{A945F8D4-3724-40CE-B428-4D7007F6395D}.Release|x64.Build.0 = Release|x64
		{A945F8D4-3724-40CE-B428-4D7007F6395D}.Release|x86.ActiveCfg = Release|x86
		{A945F8D4-3724-40CE-B428-4D7007F6395D}.Release|x86.Build.0 = Release|x86
		{3B2D131C-38F9-4648-9999-C5E86206E445}.Debug|Any CPU.ActiveCfg = Debug|Any CPU
		{3B2D131C-38F9-4648-9999-C5E86206E445}.Debug|Any CPU.Build.0 = Debug|Any CPU
		{3B2D131C-38F9-4648-9999-C5E86206E445}.Debug|arm64.ActiveCfg = Debug|Any CPU
		{3B2D131C-38F9-4648-9999-C5E86206E445}.Debug|arm64.Build.0 = Debug|Any CPU
		{3B2D131C-38F9-4648-9999-C5E86206E445}.Debug|x64.ActiveCfg = Debug|Any CPU
		{3B2D131C-38F9-4648-9999-C5E86206E445}.Debug|x64.Build.0 = Debug|Any CPU
		{3B2D131C-38F9-4648-9999-C5E86206E445}.Debug|x86.ActiveCfg = Debug|Any CPU
		{3B2D131C-38F9-4648-9999-C5E86206E445}.Debug|x86.Build.0 = Debug|Any CPU
		{3B2D131C-38F9-4648-9999-C5E86206E445}.Release|Any CPU.ActiveCfg = Release|Any CPU
		{3B2D131C-38F9-4648-9999-C5E86206E445}.Release|Any CPU.Build.0 = Release|Any CPU
		{3B2D131C-38F9-4648-9999-C5E86206E445}.Release|arm64.ActiveCfg = Release|Any CPU
		{3B2D131C-38F9-4648-9999-C5E86206E445}.Release|arm64.Build.0 = Release|Any CPU
		{3B2D131C-38F9-4648-9999-C5E86206E445}.Release|x64.ActiveCfg = Release|Any CPU
		{3B2D131C-38F9-4648-9999-C5E86206E445}.Release|x64.Build.0 = Release|Any CPU
		{3B2D131C-38F9-4648-9999-C5E86206E445}.Release|x86.ActiveCfg = Release|Any CPU
		{3B2D131C-38F9-4648-9999-C5E86206E445}.Release|x86.Build.0 = Release|Any CPU
		{D1310DBE-5DE7-4400-9AEF-8DA2A8D485E7}.Debug|Any CPU.ActiveCfg = Debug|Any CPU
		{D1310DBE-5DE7-4400-9AEF-8DA2A8D485E7}.Debug|Any CPU.Build.0 = Debug|Any CPU
		{D1310DBE-5DE7-4400-9AEF-8DA2A8D485E7}.Debug|arm64.ActiveCfg = Debug|Any CPU
		{D1310DBE-5DE7-4400-9AEF-8DA2A8D485E7}.Debug|arm64.Build.0 = Debug|Any CPU
		{D1310DBE-5DE7-4400-9AEF-8DA2A8D485E7}.Debug|x64.ActiveCfg = Debug|Any CPU
		{D1310DBE-5DE7-4400-9AEF-8DA2A8D485E7}.Debug|x64.Build.0 = Debug|Any CPU
		{D1310DBE-5DE7-4400-9AEF-8DA2A8D485E7}.Debug|x86.ActiveCfg = Debug|Any CPU
		{D1310DBE-5DE7-4400-9AEF-8DA2A8D485E7}.Debug|x86.Build.0 = Debug|Any CPU
		{D1310DBE-5DE7-4400-9AEF-8DA2A8D485E7}.Release|Any CPU.ActiveCfg = Release|Any CPU
		{D1310DBE-5DE7-4400-9AEF-8DA2A8D485E7}.Release|Any CPU.Build.0 = Release|Any CPU
		{D1310DBE-5DE7-4400-9AEF-8DA2A8D485E7}.Release|arm64.ActiveCfg = Release|Any CPU
		{D1310DBE-5DE7-4400-9AEF-8DA2A8D485E7}.Release|arm64.Build.0 = Release|Any CPU
		{D1310DBE-5DE7-4400-9AEF-8DA2A8D485E7}.Release|x64.ActiveCfg = Release|Any CPU
		{D1310DBE-5DE7-4400-9AEF-8DA2A8D485E7}.Release|x64.Build.0 = Release|Any CPU
		{D1310DBE-5DE7-4400-9AEF-8DA2A8D485E7}.Release|x86.ActiveCfg = Release|Any CPU
		{D1310DBE-5DE7-4400-9AEF-8DA2A8D485E7}.Release|x86.Build.0 = Release|Any CPU
	EndGlobalSection
	GlobalSection(SolutionProperties) = preSolution
		HideSolutionNode = FALSE
	EndGlobalSection
	GlobalSection(NestedProjects) = preSolution
		{46D7B884-40C7-49F6-9EEB-46E336142CA9} = {E815245D-D501-41D2-B121-274079766292}
		{F29639A8-EDD7-4051-90E4-F3994B30EA5D} = {E815245D-D501-41D2-B121-274079766292}
		{3DFAF55C-CF89-41C0-8366-ADCD405B34F0} = {F29639A8-EDD7-4051-90E4-F3994B30EA5D}
		{E815245D-D501-41D2-B121-274079766292} = {5B1A43C9-4408-4028-AA8F-651FEC793135}
		{AE8CAE07-31F0-455E-8BF3-97C8B55719C3} = {E815245D-D501-41D2-B121-274079766292}
		{6947EECD-DDE9-4920-9D5D-AEF277FFFCBA} = {3DFAF55C-CF89-41C0-8366-ADCD405B34F0}
		{F2F80D11-8E4E-408A-B22E-E6402E06CDE7} = {3DFAF55C-CF89-41C0-8366-ADCD405B34F0}
		{3383C0D4-01D7-465E-9F67-FBDC03D8B143} = {AE8CAE07-31F0-455E-8BF3-97C8B55719C3}
		{ED964EC6-6AE1-443A-BD6C-51D47C2FBC56} = {AE8CAE07-31F0-455E-8BF3-97C8B55719C3}
		{A945F8D4-3724-40CE-B428-4D7007F6395D} = {46D7B884-40C7-49F6-9EEB-46E336142CA9}
		{898FA8E1-110E-4257-8297-0B0B2B5E9E5E} = {5B1A43C9-4408-4028-AA8F-651FEC793135}
		{3B2D131C-38F9-4648-9999-C5E86206E445} = {898FA8E1-110E-4257-8297-0B0B2B5E9E5E}
		{991A185B-FF65-4729-A441-02D34F5D2F1B} = {C44FABC1-A33F-49DA-840E-7CD35A697FD0}
		{4D4FF5ED-50F5-44DA-AC7F-2182A8C3115F} = {C44FABC1-A33F-49DA-840E-7CD35A697FD0}
		{D3E260C8-01D6-46C1-A267-C8F6117D6A67} = {898FA8E1-110E-4257-8297-0B0B2B5E9E5E}
		{D1310DBE-5DE7-4400-9AEF-8DA2A8D485E7} = {D3E260C8-01D6-46C1-A267-C8F6117D6A67}
	EndGlobalSection
	GlobalSection(ExtensibilityGlobals) = postSolution
		SolutionGuid = {A6E9BB8A-C390-483E-B203-63E4092FAFB1}
	EndGlobalSection
EndGlobal
