
Microsoft Visual Studio Solution File, Format Version 12.00
# Visual Studio Version 17
VisualStudioVersion = 17.8.34227.203
MinimumVisualStudioVersion = 10.0.40219.1
Project("{2150E333-8FDC-42A3-9474-1A3956D46DE8}") = "Source", "Source", "{5B1A43C9-4408-4028-AA8F-651FEC793135}"
EndProject
Project("{2150E333-8FDC-42A3-9474-1A3956D46DE8}") = "Platforms", "Platforms", "{46D7B884-40C7-49F6-9EEB-46E336142CA9}"
EndProject
Project("{2150E333-8FDC-42A3-9474-1A3956D46DE8}") = "Solution Items", "Solution Items", "{C44FABC1-A33F-49DA-840E-7CD35A697FD0}"
	ProjectSection(SolutionItems) = preProject
		Itspecialist\.gitignore = Itspecialist\.gitignore
		Directory.Build.props = Directory.Build.props
		Directory.Package.props = Directory.Package.props
		ReadME.md = ReadME.md
	EndProjectSection
EndProject
Project("{2150E333-8FDC-42A3-9474-1A3956D46DE8}") = "Modules", "Modules", "{F29639A8-EDD7-4051-90E4-F3994B30EA5D}"
EndProject
Project("{2150E333-8FDC-42A3-9474-1A3956D46DE8}") = "ModuleAccount", "ModuleAccount", "{3DFAF55C-CF89-41C0-8366-ADCD405B34F0}"
EndProject
Project("{2150E333-8FDC-42A3-9474-1A3956D46DE8}") = "Uno", "Uno", "{E815245D-D501-41D2-B121-274079766292}"
EndProject
Project("{2150E333-8FDC-42A3-9474-1A3956D46DE8}") = "Shared", "Shared", "{AE8CAE07-31F0-455E-8BF3-97C8B55719C3}"
EndProject
Project("{9A19103F-16F7-4668-BE54-9A1E7A4F7556}") = "Itspecialist.Base", "Itspecialist\Frontend\Uno\Shared\Itspecialist.Base\Itspecialist.Base.csproj", "{3383C0D4-01D7-465E-9F67-FBDC03D8B143}"
EndProject
Project("{9A19103F-16F7-4668-BE54-9A1E7A4F7556}") = "Itspecialist", "Itspecialist\Frontend\Uno\Shared\Itspecialist\Itspecialist.csproj", "{ED964EC6-6AE1-443A-BD6C-51D47C2FBC56}"
EndProject
Project("{9A19103F-16F7-4668-BE54-9A1E7A4F7556}") = "Itspecialist.Windows", "Itspecialist\Frontend\Uno\Platforms\Itspecialist.Windows\Itspecialist.Windows.csproj", "{A945F8D4-3724-40CE-B428-4D7007F6395D}"
EndProject
Project("{2150E333-8FDC-42A3-9474-1A3956D46DE8}") = "Shared", "Shared", "{898FA8E1-110E-4257-8297-0B0B2B5E9E5E}"
EndProject
Project("{9A19103F-16F7-4668-BE54-9A1E7A4F7556}") = "Itspecialist.Foundation", "Itspecialist\Shared\Itspecialist.Foundation\Itspecialist.Foundation.csproj", "{3B2D131C-38F9-4648-9999-C5E86206E445}"
EndProject
Project("{2150E333-8FDC-42A3-9474-1A3956D46DE8}") = "Backend", "Backend", "{991A185B-FF65-4729-A441-02D34F5D2F1B}"
	ProjectSection(SolutionItems) = preProject
		Backend.props = Backend.props
		Backend.targets = Backend.targets
	EndProjectSection
EndProject
Project("{2150E333-8FDC-42A3-9474-1A3956D46DE8}") = "Uno", "Uno", "{4D4FF5ED-50F5-44DA-AC7F-2182A8C3115F}"
	ProjectSection(SolutionItems) = preProject
		Uno.Modules.props = Uno.Modules.props
		Uno.Modules.targets = Uno.Modules.targets
		Uno.props = Uno.props
		Uno.targets = Uno.targets
	EndProjectSection
EndProject
Project("{2150E333-8FDC-42A3-9474-1A3956D46DE8}") = "Api", "Api", "{D3E260C8-01D6-46C1-A267-C8F6117D6A67}"
EndProject
Project("{9A19103F-16F7-4668-BE54-9A1E7A4F7556}") = "Itspecialist.Api", "Itspecialist\Shared\Api\Itspecialist.Api\Itspecialist.Api.csproj", "{D1310DBE-5DE7-4400-9AEF-8DA2A8D485E7}"
EndProject
Project("{2150E333-8FDC-42A3-9474-1A3956D46DE8}") = "Submodules", "Submodules", "{C2A97A6E-67AA-48DE-905C-9D9CBE62BE7F}"
EndProject
Project("{2150E333-8FDC-42A3-9474-1A3956D46DE8}") = "CodeGen", "CodeGen", "{437EC613-727F-4496-A25D-71273B8AED0C}"
EndProject
Project("{9A19103F-16F7-4668-BE54-9A1E7A4F7556}") = "Codelisk.GeneratorAttributes", "Itspecialist\Submodules\CodeGen\src\Common\Codelisk.GeneratorAttributes\Codelisk.GeneratorAttributes.csproj", "{DC7F9B32-6D04-4B07-8AA1-CD65FB425785}"
EndProject
Project("{9A19103F-16F7-4668-BE54-9A1E7A4F7556}") = "Foundation", "Itspecialist\Submodules\CodeGen\src\Common\Foundation\Foundation.csproj", "{361602BA-77FA-4E53-A909-680849504A6F}"
EndProject
Project("{9A19103F-16F7-4668-BE54-9A1E7A4F7556}") = "Shared", "Itspecialist\Submodules\CodeGen\src\Common\Shared\Shared.csproj", "{43CBE2FF-E99A-4CF9-8EEF-D714CDC3679B}"
EndProject
Project("{9A19103F-16F7-4668-BE54-9A1E7A4F7556}") = "Foundation.Crawler", "Itspecialist\Submodules\CodeGen\src\GeneratorHelper\Foundation.Crawler\Foundation.Crawler.csproj", "{73DD6EB8-3540-49AA-807B-0A4A05110418}"
EndProject
Project("{9A19103F-16F7-4668-BE54-9A1E7A4F7556}") = "Generators.Base", "Itspecialist\Submodules\CodeGen\src\GeneratorHelper\Generators.Base\Generators.Base.csproj", "{4B0D194F-CE12-4448-BE49-D85AEE1D4299}"
EndProject
Project("{9A19103F-16F7-4668-BE54-9A1E7A4F7556}") = "Codelisk.Api.RefitApis.Generator", "Itspecialist\Submodules\CodeGen\src\Generators\Api\Codelisk.Api.RefitApis.Generator\Codelisk.Api.RefitApis.Generator.csproj", "{3CF3B42B-173E-4E3A-9E6B-AFC00E47B9BA}"
EndProject
Project("{9A19103F-16F7-4668-BE54-9A1E7A4F7556}") = "Api.Generator", "Itspecialist\Submodules\CodeGen\src\Generators\Api\Api.Generator\Api.Generator.csproj", "{2EB406C9-14E4-4DE9-9114-0C30A550FDCC}"
EndProject
Project("{2150E333-8FDC-42A3-9474-1A3956D46DE8}") = "BaseModules", "BaseModules", "{58D64903-0AE8-4390-B1BB-C54AFBB0C06F}"
EndProject
Project("{9A19103F-16F7-4668-BE54-9A1E7A4F7556}") = "BasePagesBackendModule", "Itspecialist\Frontend\Modules\Shared\BaseModules\BasePagesBackendModule\BasePagesBackendModule.csproj", "{653A0CBC-62BE-4E5D-B775-7AD40CC8BC47}"
EndProject
Project("{9A19103F-16F7-4668-BE54-9A1E7A4F7556}") = "BaseServicesModule", "Itspecialist\Frontend\Modules\Shared\BaseModules\BaseServicesModule\BaseServicesModule.csproj", "{7C2066ED-74E1-4959-9069-B4F71565962D}"
EndProject
Project("{9A19103F-16F7-4668-BE54-9A1E7A4F7556}") = "ModuleAccount.Contracts", "Itspecialist\Frontend\Modules\Shared\ModuleAccount\ModuleAccount.Contracts\ModuleAccount.Contracts.csproj", "{7965E50C-0195-4249-8234-A9A49A18C49F}"
EndProject
Project("{9A19103F-16F7-4668-BE54-9A1E7A4F7556}") = "ModuleAccounts.Views.Uno", "Itspecialist\Frontend\Modules\Uno\ModuleAccounts.Views.Uno\ModuleAccounts.Views.Uno.csproj", "{C2B8FE0C-51BE-4735-A831-925D53B63295}"
EndProject
Project("{2150E333-8FDC-42A3-9474-1A3956D46DE8}") = "Modules", "Modules", "{EB8B2BC5-0E48-46B9-93F5-58A38ED162E3}"
	ProjectSection(SolutionItems) = preProject
		Modules.props = Modules.props
		Modules.targets = Modules.targets
	EndProjectSection
EndProject
Project("{2150E333-8FDC-42A3-9474-1A3956D46DE8}") = "Library", "Library", "{68041D54-959F-48F2-B30B-D9A821F4EC20}"
	ProjectSection(SolutionItems) = preProject
		Library.props = Library.props
		Library.targets = Library.targets
	EndProjectSection
EndProject
Project("{9A19103F-16F7-4668-BE54-9A1E7A4F7556}") = "WebAutoMapperProfile.Generator", "Itspecialist\Submodules\CodeGen\src\Generators\Web\WebAutoMapperProfile.Generator\WebAutoMapperProfile.Generator.csproj", "{6572F0B5-E7C3-4ACB-B30D-ACE0D871AEBE}"
EndProject
Global
	GlobalSection(SolutionConfigurationPlatforms) = preSolution
		Debug|Any CPU = Debug|Any CPU
		Debug|arm64 = Debug|arm64
		Debug|x64 = Debug|x64
		Debug|x86 = Debug|x86
		Release|Any CPU = Release|Any CPU
		Release|arm64 = Release|arm64
		Release|x64 = Release|x64
		Release|x86 = Release|x86
	EndGlobalSection
	GlobalSection(ProjectConfigurationPlatforms) = postSolution
		{3383C0D4-01D7-465E-9F67-FBDC03D8B143}.Debug|Any CPU.ActiveCfg = Debug|Any CPU
		{3383C0D4-01D7-465E-9F67-FBDC03D8B143}.Debug|Any CPU.Build.0 = Debug|Any CPU
		{3383C0D4-01D7-465E-9F67-FBDC03D8B143}.Debug|arm64.ActiveCfg = Debug|Any CPU
		{3383C0D4-01D7-465E-9F67-FBDC03D8B143}.Debug|arm64.Build.0 = Debug|Any CPU
		{3383C0D4-01D7-465E-9F67-FBDC03D8B143}.Debug|x64.ActiveCfg = Debug|Any CPU
		{3383C0D4-01D7-465E-9F67-FBDC03D8B143}.Debug|x64.Build.0 = Debug|Any CPU
		{3383C0D4-01D7-465E-9F67-FBDC03D8B143}.Debug|x86.ActiveCfg = Debug|Any CPU
		{3383C0D4-01D7-465E-9F67-FBDC03D8B143}.Debug|x86.Build.0 = Debug|Any CPU
		{3383C0D4-01D7-465E-9F67-FBDC03D8B143}.Release|Any CPU.ActiveCfg = Release|Any CPU
		{3383C0D4-01D7-465E-9F67-FBDC03D8B143}.Release|Any CPU.Build.0 = Release|Any CPU
		{3383C0D4-01D7-465E-9F67-FBDC03D8B143}.Release|arm64.ActiveCfg = Release|Any CPU
		{3383C0D4-01D7-465E-9F67-FBDC03D8B143}.Release|arm64.Build.0 = Release|Any CPU
		{3383C0D4-01D7-465E-9F67-FBDC03D8B143}.Release|x64.ActiveCfg = Release|Any CPU
		{3383C0D4-01D7-465E-9F67-FBDC03D8B143}.Release|x64.Build.0 = Release|Any CPU
		{3383C0D4-01D7-465E-9F67-FBDC03D8B143}.Release|x86.ActiveCfg = Release|Any CPU
		{3383C0D4-01D7-465E-9F67-FBDC03D8B143}.Release|x86.Build.0 = Release|Any CPU
		{ED964EC6-6AE1-443A-BD6C-51D47C2FBC56}.Debug|Any CPU.ActiveCfg = Debug|Any CPU
		{ED964EC6-6AE1-443A-BD6C-51D47C2FBC56}.Debug|Any CPU.Build.0 = Debug|Any CPU
		{ED964EC6-6AE1-443A-BD6C-51D47C2FBC56}.Debug|arm64.ActiveCfg = Debug|Any CPU
		{ED964EC6-6AE1-443A-BD6C-51D47C2FBC56}.Debug|arm64.Build.0 = Debug|Any CPU
		{ED964EC6-6AE1-443A-BD6C-51D47C2FBC56}.Debug|x64.ActiveCfg = Debug|Any CPU
		{ED964EC6-6AE1-443A-BD6C-51D47C2FBC56}.Debug|x64.Build.0 = Debug|Any CPU
		{ED964EC6-6AE1-443A-BD6C-51D47C2FBC56}.Debug|x86.ActiveCfg = Debug|Any CPU
		{ED964EC6-6AE1-443A-BD6C-51D47C2FBC56}.Debug|x86.Build.0 = Debug|Any CPU
		{ED964EC6-6AE1-443A-BD6C-51D47C2FBC56}.Release|Any CPU.ActiveCfg = Release|Any CPU
		{ED964EC6-6AE1-443A-BD6C-51D47C2FBC56}.Release|Any CPU.Build.0 = Release|Any CPU
		{ED964EC6-6AE1-443A-BD6C-51D47C2FBC56}.Release|arm64.ActiveCfg = Release|Any CPU
		{ED964EC6-6AE1-443A-BD6C-51D47C2FBC56}.Release|arm64.Build.0 = Release|Any CPU
		{ED964EC6-6AE1-443A-BD6C-51D47C2FBC56}.Release|x64.ActiveCfg = Release|Any CPU
		{ED964EC6-6AE1-443A-BD6C-51D47C2FBC56}.Release|x64.Build.0 = Release|Any CPU
		{ED964EC6-6AE1-443A-BD6C-51D47C2FBC56}.Release|x86.ActiveCfg = Release|Any CPU
		{ED964EC6-6AE1-443A-BD6C-51D47C2FBC56}.Release|x86.Build.0 = Release|Any CPU
		{A945F8D4-3724-40CE-B428-4D7007F6395D}.Debug|Any CPU.ActiveCfg = Debug|x64
		{A945F8D4-3724-40CE-B428-4D7007F6395D}.Debug|Any CPU.Build.0 = Debug|x64
		{A945F8D4-3724-40CE-B428-4D7007F6395D}.Debug|arm64.ActiveCfg = Debug|arm64
		{A945F8D4-3724-40CE-B428-4D7007F6395D}.Debug|arm64.Build.0 = Debug|arm64
		{A945F8D4-3724-40CE-B428-4D7007F6395D}.Debug|x64.ActiveCfg = Debug|x64
		{A945F8D4-3724-40CE-B428-4D7007F6395D}.Debug|x64.Build.0 = Debug|x64
		{A945F8D4-3724-40CE-B428-4D7007F6395D}.Debug|x86.ActiveCfg = Debug|x86
		{A945F8D4-3724-40CE-B428-4D7007F6395D}.Debug|x86.Build.0 = Debug|x86
		{A945F8D4-3724-40CE-B428-4D7007F6395D}.Release|Any CPU.ActiveCfg = Release|x64
		{A945F8D4-3724-40CE-B428-4D7007F6395D}.Release|Any CPU.Build.0 = Release|x64
		{A945F8D4-3724-40CE-B428-4D7007F6395D}.Release|arm64.ActiveCfg = Release|arm64
		{A945F8D4-3724-40CE-B428-4D7007F6395D}.Release|arm64.Build.0 = Release|arm64
		{A945F8D4-3724-40CE-B428-4D7007F6395D}.Release|x64.ActiveCfg = Release|x64
		{A945F8D4-3724-40CE-B428-4D7007F6395D}.Release|x64.Build.0 = Release|x64
		{A945F8D4-3724-40CE-B428-4D7007F6395D}.Release|x86.ActiveCfg = Release|x86
		{A945F8D4-3724-40CE-B428-4D7007F6395D}.Release|x86.Build.0 = Release|x86
		{3B2D131C-38F9-4648-9999-C5E86206E445}.Debug|Any CPU.ActiveCfg = Debug|Any CPU
		{3B2D131C-38F9-4648-9999-C5E86206E445}.Debug|Any CPU.Build.0 = Debug|Any CPU
		{3B2D131C-38F9-4648-9999-C5E86206E445}.Debug|arm64.ActiveCfg = Debug|Any CPU
		{3B2D131C-38F9-4648-9999-C5E86206E445}.Debug|arm64.Build.0 = Debug|Any CPU
		{3B2D131C-38F9-4648-9999-C5E86206E445}.Debug|x64.ActiveCfg = Debug|Any CPU
		{3B2D131C-38F9-4648-9999-C5E86206E445}.Debug|x64.Build.0 = Debug|Any CPU
		{3B2D131C-38F9-4648-9999-C5E86206E445}.Debug|x86.ActiveCfg = Debug|Any CPU
		{3B2D131C-38F9-4648-9999-C5E86206E445}.Debug|x86.Build.0 = Debug|Any CPU
		{3B2D131C-38F9-4648-9999-C5E86206E445}.Release|Any CPU.ActiveCfg = Release|Any CPU
		{3B2D131C-38F9-4648-9999-C5E86206E445}.Release|Any CPU.Build.0 = Release|Any CPU
		{3B2D131C-38F9-4648-9999-C5E86206E445}.Release|arm64.ActiveCfg = Release|Any CPU
		{3B2D131C-38F9-4648-9999-C5E86206E445}.Release|arm64.Build.0 = Release|Any CPU
		{3B2D131C-38F9-4648-9999-C5E86206E445}.Release|x64.ActiveCfg = Release|Any CPU
		{3B2D131C-38F9-4648-9999-C5E86206E445}.Release|x64.Build.0 = Release|Any CPU
		{3B2D131C-38F9-4648-9999-C5E86206E445}.Release|x86.ActiveCfg = Release|Any CPU
		{3B2D131C-38F9-4648-9999-C5E86206E445}.Release|x86.Build.0 = Release|Any CPU
		{D1310DBE-5DE7-4400-9AEF-8DA2A8D485E7}.Debug|Any CPU.ActiveCfg = Debug|Any CPU
		{D1310DBE-5DE7-4400-9AEF-8DA2A8D485E7}.Debug|Any CPU.Build.0 = Debug|Any CPU
		{D1310DBE-5DE7-4400-9AEF-8DA2A8D485E7}.Debug|arm64.ActiveCfg = Debug|Any CPU
		{D1310DBE-5DE7-4400-9AEF-8DA2A8D485E7}.Debug|arm64.Build.0 = Debug|Any CPU
		{D1310DBE-5DE7-4400-9AEF-8DA2A8D485E7}.Debug|x64.ActiveCfg = Debug|Any CPU
		{D1310DBE-5DE7-4400-9AEF-8DA2A8D485E7}.Debug|x64.Build.0 = Debug|Any CPU
		{D1310DBE-5DE7-4400-9AEF-8DA2A8D485E7}.Debug|x86.ActiveCfg = Debug|Any CPU
		{D1310DBE-5DE7-4400-9AEF-8DA2A8D485E7}.Debug|x86.Build.0 = Debug|Any CPU
		{D1310DBE-5DE7-4400-9AEF-8DA2A8D485E7}.Release|Any CPU.ActiveCfg = Release|Any CPU
		{D1310DBE-5DE7-4400-9AEF-8DA2A8D485E7}.Release|Any CPU.Build.0 = Release|Any CPU
		{D1310DBE-5DE7-4400-9AEF-8DA2A8D485E7}.Release|arm64.ActiveCfg = Release|Any CPU
		{D1310DBE-5DE7-4400-9AEF-8DA2A8D485E7}.Release|arm64.Build.0 = Release|Any CPU
		{D1310DBE-5DE7-4400-9AEF-8DA2A8D485E7}.Release|x64.ActiveCfg = Release|Any CPU
		{D1310DBE-5DE7-4400-9AEF-8DA2A8D485E7}.Release|x64.Build.0 = Release|Any CPU
		{D1310DBE-5DE7-4400-9AEF-8DA2A8D485E7}.Release|x86.ActiveCfg = Release|Any CPU
		{D1310DBE-5DE7-4400-9AEF-8DA2A8D485E7}.Release|x86.Build.0 = Release|Any CPU
		{DC7F9B32-6D04-4B07-8AA1-CD65FB425785}.Debug|Any CPU.ActiveCfg = Debug|Any CPU
		{DC7F9B32-6D04-4B07-8AA1-CD65FB425785}.Debug|Any CPU.Build.0 = Debug|Any CPU
		{DC7F9B32-6D04-4B07-8AA1-CD65FB425785}.Debug|arm64.ActiveCfg = Debug|Any CPU
		{DC7F9B32-6D04-4B07-8AA1-CD65FB425785}.Debug|arm64.Build.0 = Debug|Any CPU
		{DC7F9B32-6D04-4B07-8AA1-CD65FB425785}.Debug|x64.ActiveCfg = Debug|Any CPU
		{DC7F9B32-6D04-4B07-8AA1-CD65FB425785}.Debug|x64.Build.0 = Debug|Any CPU
		{DC7F9B32-6D04-4B07-8AA1-CD65FB425785}.Debug|x86.ActiveCfg = Debug|Any CPU
		{DC7F9B32-6D04-4B07-8AA1-CD65FB425785}.Debug|x86.Build.0 = Debug|Any CPU
		{DC7F9B32-6D04-4B07-8AA1-CD65FB425785}.Release|Any CPU.ActiveCfg = Release|Any CPU
		{DC7F9B32-6D04-4B07-8AA1-CD65FB425785}.Release|Any CPU.Build.0 = Release|Any CPU
		{DC7F9B32-6D04-4B07-8AA1-CD65FB425785}.Release|arm64.ActiveCfg = Release|Any CPU
		{DC7F9B32-6D04-4B07-8AA1-CD65FB425785}.Release|arm64.Build.0 = Release|Any CPU
		{DC7F9B32-6D04-4B07-8AA1-CD65FB425785}.Release|x64.ActiveCfg = Release|Any CPU
		{DC7F9B32-6D04-4B07-8AA1-CD65FB425785}.Release|x64.Build.0 = Release|Any CPU
		{DC7F9B32-6D04-4B07-8AA1-CD65FB425785}.Release|x86.ActiveCfg = Release|Any CPU
		{DC7F9B32-6D04-4B07-8AA1-CD65FB425785}.Release|x86.Build.0 = Release|Any CPU
		{361602BA-77FA-4E53-A909-680849504A6F}.Debug|Any CPU.ActiveCfg = Debug|Any CPU
		{361602BA-77FA-4E53-A909-680849504A6F}.Debug|Any CPU.Build.0 = Debug|Any CPU
		{361602BA-77FA-4E53-A909-680849504A6F}.Debug|arm64.ActiveCfg = Debug|Any CPU
		{361602BA-77FA-4E53-A909-680849504A6F}.Debug|arm64.Build.0 = Debug|Any CPU
		{361602BA-77FA-4E53-A909-680849504A6F}.Debug|x64.ActiveCfg = Debug|Any CPU
		{361602BA-77FA-4E53-A909-680849504A6F}.Debug|x64.Build.0 = Debug|Any CPU
		{361602BA-77FA-4E53-A909-680849504A6F}.Debug|x86.ActiveCfg = Debug|Any CPU
		{361602BA-77FA-4E53-A909-680849504A6F}.Debug|x86.Build.0 = Debug|Any CPU
		{361602BA-77FA-4E53-A909-680849504A6F}.Release|Any CPU.ActiveCfg = Release|Any CPU
		{361602BA-77FA-4E53-A909-680849504A6F}.Release|Any CPU.Build.0 = Release|Any CPU
		{361602BA-77FA-4E53-A909-680849504A6F}.Release|arm64.ActiveCfg = Release|Any CPU
		{361602BA-77FA-4E53-A909-680849504A6F}.Release|arm64.Build.0 = Release|Any CPU
		{361602BA-77FA-4E53-A909-680849504A6F}.Release|x64.ActiveCfg = Release|Any CPU
		{361602BA-77FA-4E53-A909-680849504A6F}.Release|x64.Build.0 = Release|Any CPU
		{361602BA-77FA-4E53-A909-680849504A6F}.Release|x86.ActiveCfg = Release|Any CPU
		{361602BA-77FA-4E53-A909-680849504A6F}.Release|x86.Build.0 = Release|Any CPU
		{43CBE2FF-E99A-4CF9-8EEF-D714CDC3679B}.Debug|Any CPU.ActiveCfg = Debug|Any CPU
		{43CBE2FF-E99A-4CF9-8EEF-D714CDC3679B}.Debug|Any CPU.Build.0 = Debug|Any CPU
		{43CBE2FF-E99A-4CF9-8EEF-D714CDC3679B}.Debug|arm64.ActiveCfg = Debug|Any CPU
		{43CBE2FF-E99A-4CF9-8EEF-D714CDC3679B}.Debug|arm64.Build.0 = Debug|Any CPU
		{43CBE2FF-E99A-4CF9-8EEF-D714CDC3679B}.Debug|x64.ActiveCfg = Debug|Any CPU
		{43CBE2FF-E99A-4CF9-8EEF-D714CDC3679B}.Debug|x64.Build.0 = Debug|Any CPU
		{43CBE2FF-E99A-4CF9-8EEF-D714CDC3679B}.Debug|x86.ActiveCfg = Debug|Any CPU
		{43CBE2FF-E99A-4CF9-8EEF-D714CDC3679B}.Debug|x86.Build.0 = Debug|Any CPU
		{43CBE2FF-E99A-4CF9-8EEF-D714CDC3679B}.Release|Any CPU.ActiveCfg = Release|Any CPU
		{43CBE2FF-E99A-4CF9-8EEF-D714CDC3679B}.Release|Any CPU.Build.0 = Release|Any CPU
		{43CBE2FF-E99A-4CF9-8EEF-D714CDC3679B}.Release|arm64.ActiveCfg = Release|Any CPU
		{43CBE2FF-E99A-4CF9-8EEF-D714CDC3679B}.Release|arm64.Build.0 = Release|Any CPU
		{43CBE2FF-E99A-4CF9-8EEF-D714CDC3679B}.Release|x64.ActiveCfg = Release|Any CPU
		{43CBE2FF-E99A-4CF9-8EEF-D714CDC3679B}.Release|x64.Build.0 = Release|Any CPU
		{43CBE2FF-E99A-4CF9-8EEF-D714CDC3679B}.Release|x86.ActiveCfg = Release|Any CPU
		{43CBE2FF-E99A-4CF9-8EEF-D714CDC3679B}.Release|x86.Build.0 = Release|Any CPU
		{73DD6EB8-3540-49AA-807B-0A4A05110418}.Debug|Any CPU.ActiveCfg = Debug|Any CPU
		{73DD6EB8-3540-49AA-807B-0A4A05110418}.Debug|Any CPU.Build.0 = Debug|Any CPU
		{73DD6EB8-3540-49AA-807B-0A4A05110418}.Debug|arm64.ActiveCfg = Debug|Any CPU
		{73DD6EB8-3540-49AA-807B-0A4A05110418}.Debug|arm64.Build.0 = Debug|Any CPU
		{73DD6EB8-3540-49AA-807B-0A4A05110418}.Debug|x64.ActiveCfg = Debug|Any CPU
		{73DD6EB8-3540-49AA-807B-0A4A05110418}.Debug|x64.Build.0 = Debug|Any CPU
		{73DD6EB8-3540-49AA-807B-0A4A05110418}.Debug|x86.ActiveCfg = Debug|Any CPU
		{73DD6EB8-3540-49AA-807B-0A4A05110418}.Debug|x86.Build.0 = Debug|Any CPU
		{73DD6EB8-3540-49AA-807B-0A4A05110418}.Release|Any CPU.ActiveCfg = Release|Any CPU
		{73DD6EB8-3540-49AA-807B-0A4A05110418}.Release|Any CPU.Build.0 = Release|Any CPU
		{73DD6EB8-3540-49AA-807B-0A4A05110418}.Release|arm64.ActiveCfg = Release|Any CPU
		{73DD6EB8-3540-49AA-807B-0A4A05110418}.Release|arm64.Build.0 = Release|Any CPU
		{73DD6EB8-3540-49AA-807B-0A4A05110418}.Release|x64.ActiveCfg = Release|Any CPU
		{73DD6EB8-3540-49AA-807B-0A4A05110418}.Release|x64.Build.0 = Release|Any CPU
		{73DD6EB8-3540-49AA-807B-0A4A05110418}.Release|x86.ActiveCfg = Release|Any CPU
		{73DD6EB8-3540-49AA-807B-0A4A05110418}.Release|x86.Build.0 = Release|Any CPU
		{4B0D194F-CE12-4448-BE49-D85AEE1D4299}.Debug|Any CPU.ActiveCfg = Debug|Any CPU
		{4B0D194F-CE12-4448-BE49-D85AEE1D4299}.Debug|Any CPU.Build.0 = Debug|Any CPU
		{4B0D194F-CE12-4448-BE49-D85AEE1D4299}.Debug|arm64.ActiveCfg = Debug|Any CPU
		{4B0D194F-CE12-4448-BE49-D85AEE1D4299}.Debug|arm64.Build.0 = Debug|Any CPU
		{4B0D194F-CE12-4448-BE49-D85AEE1D4299}.Debug|x64.ActiveCfg = Debug|Any CPU
		{4B0D194F-CE12-4448-BE49-D85AEE1D4299}.Debug|x64.Build.0 = Debug|Any CPU
		{4B0D194F-CE12-4448-BE49-D85AEE1D4299}.Debug|x86.ActiveCfg = Debug|Any CPU
		{4B0D194F-CE12-4448-BE49-D85AEE1D4299}.Debug|x86.Build.0 = Debug|Any CPU
		{4B0D194F-CE12-4448-BE49-D85AEE1D4299}.Release|Any CPU.ActiveCfg = Release|Any CPU
		{4B0D194F-CE12-4448-BE49-D85AEE1D4299}.Release|Any CPU.Build.0 = Release|Any CPU
		{4B0D194F-CE12-4448-BE49-D85AEE1D4299}.Release|arm64.ActiveCfg = Release|Any CPU
		{4B0D194F-CE12-4448-BE49-D85AEE1D4299}.Release|arm64.Build.0 = Release|Any CPU
		{4B0D194F-CE12-4448-BE49-D85AEE1D4299}.Release|x64.ActiveCfg = Release|Any CPU
		{4B0D194F-CE12-4448-BE49-D85AEE1D4299}.Release|x64.Build.0 = Release|Any CPU
		{4B0D194F-CE12-4448-BE49-D85AEE1D4299}.Release|x86.ActiveCfg = Release|Any CPU
		{4B0D194F-CE12-4448-BE49-D85AEE1D4299}.Release|x86.Build.0 = Release|Any CPU
		{3CF3B42B-173E-4E3A-9E6B-AFC00E47B9BA}.Debug|Any CPU.ActiveCfg = Debug|Any CPU
		{3CF3B42B-173E-4E3A-9E6B-AFC00E47B9BA}.Debug|Any CPU.Build.0 = Debug|Any CPU
		{3CF3B42B-173E-4E3A-9E6B-AFC00E47B9BA}.Debug|arm64.ActiveCfg = Debug|Any CPU
		{3CF3B42B-173E-4E3A-9E6B-AFC00E47B9BA}.Debug|arm64.Build.0 = Debug|Any CPU
		{3CF3B42B-173E-4E3A-9E6B-AFC00E47B9BA}.Debug|x64.ActiveCfg = Debug|Any CPU
		{3CF3B42B-173E-4E3A-9E6B-AFC00E47B9BA}.Debug|x64.Build.0 = Debug|Any CPU
		{3CF3B42B-173E-4E3A-9E6B-AFC00E47B9BA}.Debug|x86.ActiveCfg = Debug|Any CPU
		{3CF3B42B-173E-4E3A-9E6B-AFC00E47B9BA}.Debug|x86.Build.0 = Debug|Any CPU
		{3CF3B42B-173E-4E3A-9E6B-AFC00E47B9BA}.Release|Any CPU.ActiveCfg = Release|Any CPU
		{3CF3B42B-173E-4E3A-9E6B-AFC00E47B9BA}.Release|Any CPU.Build.0 = Release|Any CPU
		{3CF3B42B-173E-4E3A-9E6B-AFC00E47B9BA}.Release|arm64.ActiveCfg = Release|Any CPU
		{3CF3B42B-173E-4E3A-9E6B-AFC00E47B9BA}.Release|arm64.Build.0 = Release|Any CPU
		{3CF3B42B-173E-4E3A-9E6B-AFC00E47B9BA}.Release|x64.ActiveCfg = Release|Any CPU
		{3CF3B42B-173E-4E3A-9E6B-AFC00E47B9BA}.Release|x64.Build.0 = Release|Any CPU
		{3CF3B42B-173E-4E3A-9E6B-AFC00E47B9BA}.Release|x86.ActiveCfg = Release|Any CPU
		{3CF3B42B-173E-4E3A-9E6B-AFC00E47B9BA}.Release|x86.Build.0 = Release|Any CPU
		{2EB406C9-14E4-4DE9-9114-0C30A550FDCC}.Debug|Any CPU.ActiveCfg = Debug|Any CPU
		{2EB406C9-14E4-4DE9-9114-0C30A550FDCC}.Debug|Any CPU.Build.0 = Debug|Any CPU
		{2EB406C9-14E4-4DE9-9114-0C30A550FDCC}.Debug|arm64.ActiveCfg = Debug|Any CPU
		{2EB406C9-14E4-4DE9-9114-0C30A550FDCC}.Debug|arm64.Build.0 = Debug|Any CPU
		{2EB406C9-14E4-4DE9-9114-0C30A550FDCC}.Debug|x64.ActiveCfg = Debug|Any CPU
		{2EB406C9-14E4-4DE9-9114-0C30A550FDCC}.Debug|x64.Build.0 = Debug|Any CPU
		{2EB406C9-14E4-4DE9-9114-0C30A550FDCC}.Debug|x86.ActiveCfg = Debug|Any CPU
		{2EB406C9-14E4-4DE9-9114-0C30A550FDCC}.Debug|x86.Build.0 = Debug|Any CPU
		{2EB406C9-14E4-4DE9-9114-0C30A550FDCC}.Release|Any CPU.ActiveCfg = Release|Any CPU
		{2EB406C9-14E4-4DE9-9114-0C30A550FDCC}.Release|Any CPU.Build.0 = Release|Any CPU
		{2EB406C9-14E4-4DE9-9114-0C30A550FDCC}.Release|arm64.ActiveCfg = Release|Any CPU
		{2EB406C9-14E4-4DE9-9114-0C30A550FDCC}.Release|arm64.Build.0 = Release|Any CPU
		{2EB406C9-14E4-4DE9-9114-0C30A550FDCC}.Release|x64.ActiveCfg = Release|Any CPU
		{2EB406C9-14E4-4DE9-9114-0C30A550FDCC}.Release|x64.Build.0 = Release|Any CPU
		{2EB406C9-14E4-4DE9-9114-0C30A550FDCC}.Release|x86.ActiveCfg = Release|Any CPU
		{2EB406C9-14E4-4DE9-9114-0C30A550FDCC}.Release|x86.Build.0 = Release|Any CPU
		{653A0CBC-62BE-4E5D-B775-7AD40CC8BC47}.Debug|Any CPU.ActiveCfg = Debug|Any CPU
		{653A0CBC-62BE-4E5D-B775-7AD40CC8BC47}.Debug|Any CPU.Build.0 = Debug|Any CPU
		{653A0CBC-62BE-4E5D-B775-7AD40CC8BC47}.Debug|arm64.ActiveCfg = Debug|Any CPU
		{653A0CBC-62BE-4E5D-B775-7AD40CC8BC47}.Debug|arm64.Build.0 = Debug|Any CPU
		{653A0CBC-62BE-4E5D-B775-7AD40CC8BC47}.Debug|x64.ActiveCfg = Debug|Any CPU
		{653A0CBC-62BE-4E5D-B775-7AD40CC8BC47}.Debug|x64.Build.0 = Debug|Any CPU
		{653A0CBC-62BE-4E5D-B775-7AD40CC8BC47}.Debug|x86.ActiveCfg = Debug|Any CPU
		{653A0CBC-62BE-4E5D-B775-7AD40CC8BC47}.Debug|x86.Build.0 = Debug|Any CPU
		{653A0CBC-62BE-4E5D-B775-7AD40CC8BC47}.Release|Any CPU.ActiveCfg = Release|Any CPU
		{653A0CBC-62BE-4E5D-B775-7AD40CC8BC47}.Release|Any CPU.Build.0 = Release|Any CPU
		{653A0CBC-62BE-4E5D-B775-7AD40CC8BC47}.Release|arm64.ActiveCfg = Release|Any CPU
		{653A0CBC-62BE-4E5D-B775-7AD40CC8BC47}.Release|arm64.Build.0 = Release|Any CPU
		{653A0CBC-62BE-4E5D-B775-7AD40CC8BC47}.Release|x64.ActiveCfg = Release|Any CPU
		{653A0CBC-62BE-4E5D-B775-7AD40CC8BC47}.Release|x64.Build.0 = Release|Any CPU
		{653A0CBC-62BE-4E5D-B775-7AD40CC8BC47}.Release|x86.ActiveCfg = Release|Any CPU
		{653A0CBC-62BE-4E5D-B775-7AD40CC8BC47}.Release|x86.Build.0 = Release|Any CPU
		{7C2066ED-74E1-4959-9069-B4F71565962D}.Debug|Any CPU.ActiveCfg = Debug|Any CPU
		{7C2066ED-74E1-4959-9069-B4F71565962D}.Debug|Any CPU.Build.0 = Debug|Any CPU
		{7C2066ED-74E1-4959-9069-B4F71565962D}.Debug|arm64.ActiveCfg = Debug|Any CPU
		{7C2066ED-74E1-4959-9069-B4F71565962D}.Debug|arm64.Build.0 = Debug|Any CPU
		{7C2066ED-74E1-4959-9069-B4F71565962D}.Debug|x64.ActiveCfg = Debug|Any CPU
		{7C2066ED-74E1-4959-9069-B4F71565962D}.Debug|x64.Build.0 = Debug|Any CPU
		{7C2066ED-74E1-4959-9069-B4F71565962D}.Debug|x86.ActiveCfg = Debug|Any CPU
		{7C2066ED-74E1-4959-9069-B4F71565962D}.Debug|x86.Build.0 = Debug|Any CPU
		{7C2066ED-74E1-4959-9069-B4F71565962D}.Release|Any CPU.ActiveCfg = Release|Any CPU
		{7C2066ED-74E1-4959-9069-B4F71565962D}.Release|Any CPU.Build.0 = Release|Any CPU
		{7C2066ED-74E1-4959-9069-B4F71565962D}.Release|arm64.ActiveCfg = Release|Any CPU
		{7C2066ED-74E1-4959-9069-B4F71565962D}.Release|arm64.Build.0 = Release|Any CPU
		{7C2066ED-74E1-4959-9069-B4F71565962D}.Release|x64.ActiveCfg = Release|Any CPU
		{7C2066ED-74E1-4959-9069-B4F71565962D}.Release|x64.Build.0 = Release|Any CPU
		{7C2066ED-74E1-4959-9069-B4F71565962D}.Release|x86.ActiveCfg = Release|Any CPU
		{7C2066ED-74E1-4959-9069-B4F71565962D}.Release|x86.Build.0 = Release|Any CPU
		{7965E50C-0195-4249-8234-A9A49A18C49F}.Debug|Any CPU.ActiveCfg = Debug|Any CPU
		{7965E50C-0195-4249-8234-A9A49A18C49F}.Debug|Any CPU.Build.0 = Debug|Any CPU
		{7965E50C-0195-4249-8234-A9A49A18C49F}.Debug|arm64.ActiveCfg = Debug|Any CPU
		{7965E50C-0195-4249-8234-A9A49A18C49F}.Debug|arm64.Build.0 = Debug|Any CPU
		{7965E50C-0195-4249-8234-A9A49A18C49F}.Debug|x64.ActiveCfg = Debug|Any CPU
		{7965E50C-0195-4249-8234-A9A49A18C49F}.Debug|x64.Build.0 = Debug|Any CPU
		{7965E50C-0195-4249-8234-A9A49A18C49F}.Debug|x86.ActiveCfg = Debug|Any CPU
		{7965E50C-0195-4249-8234-A9A49A18C49F}.Debug|x86.Build.0 = Debug|Any CPU
		{7965E50C-0195-4249-8234-A9A49A18C49F}.Release|Any CPU.ActiveCfg = Release|Any CPU
		{7965E50C-0195-4249-8234-A9A49A18C49F}.Release|Any CPU.Build.0 = Release|Any CPU
		{7965E50C-0195-4249-8234-A9A49A18C49F}.Release|arm64.ActiveCfg = Release|Any CPU
		{7965E50C-0195-4249-8234-A9A49A18C49F}.Release|arm64.Build.0 = Release|Any CPU
		{7965E50C-0195-4249-8234-A9A49A18C49F}.Release|x64.ActiveCfg = Release|Any CPU
		{7965E50C-0195-4249-8234-A9A49A18C49F}.Release|x64.Build.0 = Release|Any CPU
		{7965E50C-0195-4249-8234-A9A49A18C49F}.Release|x86.ActiveCfg = Release|Any CPU
		{7965E50C-0195-4249-8234-A9A49A18C49F}.Release|x86.Build.0 = Release|Any CPU
		{C2B8FE0C-51BE-4735-A831-925D53B63295}.Debug|Any CPU.ActiveCfg = Debug|Any CPU
		{C2B8FE0C-51BE-4735-A831-925D53B63295}.Debug|Any CPU.Build.0 = Debug|Any CPU
		{C2B8FE0C-51BE-4735-A831-925D53B63295}.Debug|arm64.ActiveCfg = Debug|Any CPU
		{C2B8FE0C-51BE-4735-A831-925D53B63295}.Debug|arm64.Build.0 = Debug|Any CPU
		{C2B8FE0C-51BE-4735-A831-925D53B63295}.Debug|x64.ActiveCfg = Debug|Any CPU
		{C2B8FE0C-51BE-4735-A831-925D53B63295}.Debug|x64.Build.0 = Debug|Any CPU
		{C2B8FE0C-51BE-4735-A831-925D53B63295}.Debug|x86.ActiveCfg = Debug|Any CPU
		{C2B8FE0C-51BE-4735-A831-925D53B63295}.Debug|x86.Build.0 = Debug|Any CPU
		{C2B8FE0C-51BE-4735-A831-925D53B63295}.Release|Any CPU.ActiveCfg = Release|Any CPU
		{C2B8FE0C-51BE-4735-A831-925D53B63295}.Release|Any CPU.Build.0 = Release|Any CPU
		{C2B8FE0C-51BE-4735-A831-925D53B63295}.Release|arm64.ActiveCfg = Release|Any CPU
		{C2B8FE0C-51BE-4735-A831-925D53B63295}.Release|arm64.Build.0 = Release|Any CPU
		{C2B8FE0C-51BE-4735-A831-925D53B63295}.Release|x64.ActiveCfg = Release|Any CPU
		{C2B8FE0C-51BE-4735-A831-925D53B63295}.Release|x64.Build.0 = Release|Any CPU
		{C2B8FE0C-51BE-4735-A831-925D53B63295}.Release|x86.ActiveCfg = Release|Any CPU
		{C2B8FE0C-51BE-4735-A831-925D53B63295}.Release|x86.Build.0 = Release|Any CPU
		{6572F0B5-E7C3-4ACB-B30D-ACE0D871AEBE}.Debug|Any CPU.ActiveCfg = Debug|Any CPU
		{6572F0B5-E7C3-4ACB-B30D-ACE0D871AEBE}.Debug|Any CPU.Build.0 = Debug|Any CPU
		{6572F0B5-E7C3-4ACB-B30D-ACE0D871AEBE}.Debug|arm64.ActiveCfg = Debug|Any CPU
		{6572F0B5-E7C3-4ACB-B30D-ACE0D871AEBE}.Debug|arm64.Build.0 = Debug|Any CPU
		{6572F0B5-E7C3-4ACB-B30D-ACE0D871AEBE}.Debug|x64.ActiveCfg = Debug|Any CPU
		{6572F0B5-E7C3-4ACB-B30D-ACE0D871AEBE}.Debug|x64.Build.0 = Debug|Any CPU
		{6572F0B5-E7C3-4ACB-B30D-ACE0D871AEBE}.Debug|x86.ActiveCfg = Debug|Any CPU
		{6572F0B5-E7C3-4ACB-B30D-ACE0D871AEBE}.Debug|x86.Build.0 = Debug|Any CPU
		{6572F0B5-E7C3-4ACB-B30D-ACE0D871AEBE}.Release|Any CPU.ActiveCfg = Release|Any CPU
		{6572F0B5-E7C3-4ACB-B30D-ACE0D871AEBE}.Release|Any CPU.Build.0 = Release|Any CPU
		{6572F0B5-E7C3-4ACB-B30D-ACE0D871AEBE}.Release|arm64.ActiveCfg = Release|Any CPU
		{6572F0B5-E7C3-4ACB-B30D-ACE0D871AEBE}.Release|arm64.Build.0 = Release|Any CPU
		{6572F0B5-E7C3-4ACB-B30D-ACE0D871AEBE}.Release|x64.ActiveCfg = Release|Any CPU
		{6572F0B5-E7C3-4ACB-B30D-ACE0D871AEBE}.Release|x64.Build.0 = Release|Any CPU
		{6572F0B5-E7C3-4ACB-B30D-ACE0D871AEBE}.Release|x86.ActiveCfg = Release|Any CPU
		{6572F0B5-E7C3-4ACB-B30D-ACE0D871AEBE}.Release|x86.Build.0 = Release|Any CPU
	EndGlobalSection
	GlobalSection(SolutionProperties) = preSolution
		HideSolutionNode = FALSE
	EndGlobalSection
	GlobalSection(NestedProjects) = preSolution
		{46D7B884-40C7-49F6-9EEB-46E336142CA9} = {E815245D-D501-41D2-B121-274079766292}
		{F29639A8-EDD7-4051-90E4-F3994B30EA5D} = {E815245D-D501-41D2-B121-274079766292}
		{3DFAF55C-CF89-41C0-8366-ADCD405B34F0} = {F29639A8-EDD7-4051-90E4-F3994B30EA5D}
		{E815245D-D501-41D2-B121-274079766292} = {5B1A43C9-4408-4028-AA8F-651FEC793135}
		{AE8CAE07-31F0-455E-8BF3-97C8B55719C3} = {E815245D-D501-41D2-B121-274079766292}
		{3383C0D4-01D7-465E-9F67-FBDC03D8B143} = {AE8CAE07-31F0-455E-8BF3-97C8B55719C3}
		{ED964EC6-6AE1-443A-BD6C-51D47C2FBC56} = {AE8CAE07-31F0-455E-8BF3-97C8B55719C3}
		{A945F8D4-3724-40CE-B428-4D7007F6395D} = {46D7B884-40C7-49F6-9EEB-46E336142CA9}
		{898FA8E1-110E-4257-8297-0B0B2B5E9E5E} = {5B1A43C9-4408-4028-AA8F-651FEC793135}
		{3B2D131C-38F9-4648-9999-C5E86206E445} = {898FA8E1-110E-4257-8297-0B0B2B5E9E5E}
		{991A185B-FF65-4729-A441-02D34F5D2F1B} = {C44FABC1-A33F-49DA-840E-7CD35A697FD0}
		{4D4FF5ED-50F5-44DA-AC7F-2182A8C3115F} = {C44FABC1-A33F-49DA-840E-7CD35A697FD0}
		{D3E260C8-01D6-46C1-A267-C8F6117D6A67} = {898FA8E1-110E-4257-8297-0B0B2B5E9E5E}
		{D1310DBE-5DE7-4400-9AEF-8DA2A8D485E7} = {D3E260C8-01D6-46C1-A267-C8F6117D6A67}
		{C2A97A6E-67AA-48DE-905C-9D9CBE62BE7F} = {5B1A43C9-4408-4028-AA8F-651FEC793135}
		{437EC613-727F-4496-A25D-71273B8AED0C} = {C2A97A6E-67AA-48DE-905C-9D9CBE62BE7F}
		{DC7F9B32-6D04-4B07-8AA1-CD65FB425785} = {437EC613-727F-4496-A25D-71273B8AED0C}
		{361602BA-77FA-4E53-A909-680849504A6F} = {437EC613-727F-4496-A25D-71273B8AED0C}
		{43CBE2FF-E99A-4CF9-8EEF-D714CDC3679B} = {437EC613-727F-4496-A25D-71273B8AED0C}
		{73DD6EB8-3540-49AA-807B-0A4A05110418} = {437EC613-727F-4496-A25D-71273B8AED0C}
		{4B0D194F-CE12-4448-BE49-D85AEE1D4299} = {437EC613-727F-4496-A25D-71273B8AED0C}
		{3CF3B42B-173E-4E3A-9E6B-AFC00E47B9BA} = {437EC613-727F-4496-A25D-71273B8AED0C}
		{2EB406C9-14E4-4DE9-9114-0C30A550FDCC} = {437EC613-727F-4496-A25D-71273B8AED0C}
		{58D64903-0AE8-4390-B1BB-C54AFBB0C06F} = {F29639A8-EDD7-4051-90E4-F3994B30EA5D}
		{653A0CBC-62BE-4E5D-B775-7AD40CC8BC47} = {58D64903-0AE8-4390-B1BB-C54AFBB0C06F}
		{7C2066ED-74E1-4959-9069-B4F71565962D} = {58D64903-0AE8-4390-B1BB-C54AFBB0C06F}
		{7965E50C-0195-4249-8234-A9A49A18C49F} = {3DFAF55C-CF89-41C0-8366-ADCD405B34F0}
		{C2B8FE0C-51BE-4735-A831-925D53B63295} = {3DFAF55C-CF89-41C0-8366-ADCD405B34F0}
		{EB8B2BC5-0E48-46B9-93F5-58A38ED162E3} = {C44FABC1-A33F-49DA-840E-7CD35A697FD0}
		{68041D54-959F-48F2-B30B-D9A821F4EC20} = {C44FABC1-A33F-49DA-840E-7CD35A697FD0}
		{6572F0B5-E7C3-4ACB-B30D-ACE0D871AEBE} = {437EC613-727F-4496-A25D-71273B8AED0C}
	EndGlobalSection
	GlobalSection(ExtensibilityGlobals) = postSolution
		SolutionGuid = {A6E9BB8A-C390-483E-B203-63E4092FAFB1}
	EndGlobalSection
EndGlobal
