
Microsoft Visual Studio Solution File, Format Version 12.00
# Visual Studio Version 17
VisualStudioVersion = 17.8.34227.203
MinimumVisualStudioVersion = 10.0.40219.1
Project("{2150E333-8FDC-42A3-9474-1A3956D46DE8}") = "Source", "Source", "{5B1A43C9-4408-4028-AA8F-651FEC793135}"
EndProject
Project("{2150E333-8FDC-42A3-9474-1A3956D46DE8}") = "Backend", "Backend", "{594F9BE2-2666-4C53-B37F-23604D7A7F43}"
EndProject
Project("{2150E333-8FDC-42A3-9474-1A3956D46DE8}") = "Platforms", "Platforms", "{46D7B884-40C7-49F6-9EEB-46E336142CA9}"
EndProject
Project("{2150E333-8FDC-42A3-9474-1A3956D46DE8}") = "Solution Items", "Solution Items", "{C44FABC1-A33F-49DA-840E-7CD35A697FD0}"
	ProjectSection(SolutionItems) = preProject
		Itspecialist\.gitignore = Itspecialist\.gitignore
		Itspecialist\Directory.Build.props = Itspecialist\Directory.Build.props
		Itspecialist\Directory.Build.targets = Itspecialist\Directory.Build.targets
		Itspecialist\Directory.Packages.props = Itspecialist\Directory.Packages.props
		Itspecialist\solution-config.props.sample = Itspecialist\solution-config.props.sample
	EndProjectSection
EndProject
Project("{2150E333-8FDC-42A3-9474-1A3956D46DE8}") = "Modules", "Modules", "{F29639A8-EDD7-4051-90E4-F3994B30EA5D}"
EndProject
Project("{2150E333-8FDC-42A3-9474-1A3956D46DE8}") = "ModuleAccount", "ModuleAccount", "{3DFAF55C-CF89-41C0-8366-ADCD405B34F0}"
EndProject
Project("{2150E333-8FDC-42A3-9474-1A3956D46DE8}") = "Uno", "Uno", "{E815245D-D501-41D2-B121-274079766292}"
EndProject
Project("{2150E333-8FDC-42A3-9474-1A3956D46DE8}") = "Shared", "Shared", "{AE8CAE07-31F0-455E-8BF3-97C8B55719C3}"
EndProject
Global
	GlobalSection(SolutionProperties) = preSolution
		HideSolutionNode = FALSE
	EndGlobalSection
	GlobalSection(NestedProjects) = preSolution
		{594F9BE2-2666-4C53-B37F-23604D7A7F43} = {5B1A43C9-4408-4028-AA8F-651FEC793135}
		{46D7B884-40C7-49F6-9EEB-46E336142CA9} = {E815245D-D501-41D2-B121-274079766292}
		{F29639A8-EDD7-4051-90E4-F3994B30EA5D} = {E815245D-D501-41D2-B121-274079766292}
		{3DFAF55C-CF89-41C0-8366-ADCD405B34F0} = {F29639A8-EDD7-4051-90E4-F3994B30EA5D}
		{E815245D-D501-41D2-B121-274079766292} = {5B1A43C9-4408-4028-AA8F-651FEC793135}
		{AE8CAE07-31F0-455E-8BF3-97C8B55719C3} = {E815245D-D501-41D2-B121-274079766292}
	EndGlobalSection
	GlobalSection(ExtensibilityGlobals) = postSolution
		SolutionGuid = {A6E9BB8A-C390-483E-B203-63E4092FAFB1}
	EndGlobalSection
EndGlobal
